{
  "name": "new-payroll2323",
  "lockfileVersion": 3,
  "requires": true,
  "packages": {
    "": {
      "devDependencies": {
        "tailwindcss": "^4.0.11"
      }
    },
    "node_modules/tailwindcss": {
      "version": "4.0.11",
      "resolved": "https://registry.npmjs.org/tailwindcss/-/tailwindcss-4.0.11.tgz",
      "integrity": "sha512-GZ6+tNwieqvpFLZfx2tkZpfOMAK7iumbOJOLmd6v8AcYuHbjUb+cmDRu6l+rFkIqarh5FfLbCSRJhegcVdoPng==",
      "dev": true,
      "license": "MIT"
    }
  }
}
